
Microsoft Visual Studio Solution File, Format Version 12.00
# Visual Studio Version 17
VisualStudioVersion = 17.1.32228.430
MinimumVisualStudioVersion = 10.0.40219.1
Project("{8BC9CEB8-8B4A-11D0-8D11-00A0C91BC942}") = "assn3", "assn3\assn3.vcxproj", "{E74D345C-6A6F-46BA-9606-7B15CA917D51}"
EndProject
Global
	GlobalSection(SolutionConfigurationPlatforms) = preSolution
		Debug|x64 = Debug|x64
		Debug|x86 = Debug|x86
		Release|x64 = Release|x64
		Release|x86 = Release|x86
	EndGlobalSection
	GlobalSection(ProjectConfigurationPlatforms) = postSolution
		{E74D345C-6A6F-46BA-9606-7B15CA917D51}.Debug|x64.ActiveCfg = Debug|x64
		{E74D345C-6A6F-46BA-9606-7B15CA917D51}.Debug|x64.Build.0 = Debug|x64
		{E74D345C-6A6F-46BA-9606-7B15CA917D51}.Debug|x86.ActiveCfg = Debug|Win32
		{E74D345C-6A6F-46BA-9606-7B15CA917D51}.Debug|x86.Build.0 = Debug|Win32
		{E74D345C-6A6F-46BA-9606-7B15CA917D51}.Release|x64.ActiveCfg = Release|x64
		{E74D345C-6A6F-46BA-9606-7B15CA917D51}.Release|x64.Build.0 = Release|x64
		{E74D345C-6A6F-46BA-9606-7B15CA917D51}.Release|x86.ActiveCfg = Release|Win32
		{E74D345C-6A6F-46BA-9606-7B15CA917D51}.Release|x86.Build.0 = Release|Win32
	EndGlobalSection
	GlobalSection(SolutionProperties) = preSolution
		HideSolutionNode = FALSE
	EndGlobalSection
	GlobalSection(ExtensibilityGlobals) = postSolution
		SolutionGuid = {8E91BF50-2DC5-43FA-A471-FAF1044760BE}
	EndGlobalSection
EndGlobal
